<?xml version="1.0" encoding="utf-8"?>
<Project ToolsVersion="4.0" xmlns="http://schemas.microsoft.com/developer/msbuild/2003">
  <ItemGroup>
    <Filter Include="_Lib">
      <UniqueIdentifier>{64bf6fe1-3a56-4217-b142-c4b8acad9b8f}</UniqueIdentifier>
    </Filter>
    <Filter Include="_Header">
      <UniqueIdentifier>{e3328b72-d816-45bb-a565-b60a8e5c43f9}</UniqueIdentifier>
    </Filter>
    <Filter Include="System">
      <UniqueIdentifier>{24ed4470-f724-46a6-b94d-2030cfce82a2}</UniqueIdentifier>
    </Filter>
    <Filter Include="Scene">
      <UniqueIdentifier>{6cdaed6b-ffbf-4dd5-9ed2-bcf696694d3f}</UniqueIdentifier>
    </Filter>
    <Filter Include="Object">
      <UniqueIdentifier>{1be624aa-97e7-4400-bfbe-af75f37943f1}</UniqueIdentifier>
    </Filter>
    <Filter Include="Resource">
      <UniqueIdentifier>{518e4ca6-af49-41eb-b81d-c1bdfc254388}</UniqueIdentifier>
    </Filter>
    <Filter Include="Game">
      <UniqueIdentifier>{60cdc592-d848-4ddf-ae6f-413550085ba7}</UniqueIdentifier>
    </Filter>
  </ItemGroup>
  <ItemGroup>
    <ClCompile Include="src\lib\appEnv.cpp">
      <Filter>_Lib</Filter>
    </ClCompile>
    <ClCompile Include="src\lib\audio.cpp">
      <Filter>_Lib</Filter>
    </ClCompile>
    <ClCompile Include="src\lib\camera2D.cpp">
      <Filter>_Lib</Filter>
    </ClCompile>
    <ClCompile Include="src\lib\fileUtil.cpp">
      <Filter>_Lib</Filter>
    </ClCompile>
    <ClCompile Include="src\lib\glExt.cpp">
      <Filter>_Lib</Filter>
    </ClCompile>
    <ClCompile Include="src\lib\glfwWindow.cpp">
      <Filter>_Lib</Filter>
    </ClCompile>
    <ClCompile Include="src\lib\graph.cpp">
      <Filter>_Lib</Filter>
    </ClCompile>
    <ClCompile Include="src\lib\matrix.cpp">
      <Filter>_Lib</Filter>
    </ClCompile>
    <ClCompile Include="src\lib\os_win.cpp">
      <Filter>_Lib</Filter>
    </ClCompile>
    <ClCompile Include="src\lib\png.cpp">
      <Filter>_Lib</Filter>
    </ClCompile>
    <ClCompile Include="src\lib\random.cpp">
      <Filter>_Lib</Filter>
    </ClCompile>
    <ClCompile Include="src\lib\texture.cpp">
      <Filter>_Lib</Filter>
    </ClCompile>
    <ClCompile Include="src\lib\utils.cpp">
      <Filter>_Lib</Filter>
    </ClCompile>
    <ClCompile Include="src\lib\wav.cpp">
      <Filter>_Lib</Filter>
    </ClCompile>
    <ClCompile Include="src\lib\glTexture.cpp">
      <Filter>_Lib</Filter>
    </ClCompile>
    <ClCompile Include="src\lib\font.cpp">
      <Filter>_Lib</Filter>
    </ClCompile>
    <ClCompile Include="src\origin\main.cpp" />
    <ClCompile Include="src\origin\System\window_create.cpp">
      <Filter>System</Filter>
    </ClCompile>
    <ClCompile Include="src\origin\Scene\scene_manager.cpp">
      <Filter>Scene</Filter>
    </ClCompile>
    <ClCompile Include="src\origin\Object\collision.cpp">
      <Filter>Object</Filter>
    </ClCompile>
    <ClCompile Include="src\origin\System\game_manager.cpp">
      <Filter>System</Filter>
    </ClCompile>
    <ClCompile Include="src\origin\Scene\title.cpp">
      <Filter>Scene</Filter>
    </ClCompile>
    <ClCompile Include="src\origin\Scene\result.cpp">
      <Filter>Scene</Filter>
    </ClCompile>
    <ClCompile Include="src\origin\Game\stage_select.cpp" />
  </ItemGroup>
  <ItemGroup>
    <ClInclude Include="src\lib\appEnv.hpp">
      <Filter>_Header</Filter>
    </ClInclude>
    <ClInclude Include="src\lib\audio.hpp">
      <Filter>_Header</Filter>
    </ClInclude>
    <ClInclude Include="src\lib\camera2D.hpp">
      <Filter>_Header</Filter>
    </ClInclude>
    <ClInclude Include="src\lib\defines.hpp">
      <Filter>_Header</Filter>
    </ClInclude>
    <ClInclude Include="src\lib\fileUtil.hpp">
      <Filter>_Header</Filter>
    </ClInclude>
    <ClInclude Include="src\lib\glExt.hpp">
      <Filter>_Header</Filter>
    </ClInclude>
    <ClInclude Include="src\lib\glfwWindow.hpp">
      <Filter>_Header</Filter>
    </ClInclude>
    <ClInclude Include="src\lib\graph.hpp">
      <Filter>_Header</Filter>
    </ClInclude>
    <ClInclude Include="src\lib\matrix.hpp">
      <Filter>_Header</Filter>
    </ClInclude>
    <ClInclude Include="src\lib\os.hpp">
      <Filter>_Header</Filter>
    </ClInclude>
    <ClInclude Include="src\lib\os_win.hpp">
      <Filter>_Header</Filter>
    </ClInclude>
    <ClInclude Include="src\lib\png.hpp">
      <Filter>_Header</Filter>
    </ClInclude>
    <ClInclude Include="src\lib\random.hpp">
      <Filter>_Header</Filter>
    </ClInclude>
    <ClInclude Include="src\lib\texture.hpp">
      <Filter>_Header</Filter>
    </ClInclude>
    <ClInclude Include="src\lib\utils.hpp">
      <Filter>_Header</Filter>
    </ClInclude>
    <ClInclude Include="src\lib\vector.hpp">
      <Filter>_Header</Filter>
    </ClInclude>
    <ClInclude Include="src\lib\wav.hpp">
      <Filter>_Header</Filter>
    </ClInclude>
    <ClInclude Include="src\lib\glTexture.hpp">
      <Filter>_Header</Filter>
    </ClInclude>
    <ClInclude Include="src\lib\font.hpp">
      <Filter>_Header</Filter>
    </ClInclude>
    <ClInclude Include="src\origin\common.h" />
    <ClInclude Include="src\origin\System\window_create.h">
      <Filter>System</Filter>
    </ClInclude>
    <ClInclude Include="src\origin\Scene\scene_manager.h">
      <Filter>Scene</Filter>
    </ClInclude>
    <ClInclude Include="src\origin\Scene\title.h">
      <Filter>Scene</Filter>
    </ClInclude>
    <ClInclude Include="src\origin\Scene\result.h">
      <Filter>Scene</Filter>
    </ClInclude>
    <ClInclude Include="src\origin\Object\collision.h">
      <Filter>Object</Filter>
    </ClInclude>
    <ClInclude Include="src\origin\Recource\music.h">
      <Filter>Resource</Filter>
    </ClInclude>
    <ClInclude Include="src\origin\Recource\graphic.h">
      <Filter>Resource</Filter>
    </ClInclude>
    <ClInclude Include="src\origin\System\game_manager.h">
      <Filter>System</Filter>
    </ClInclude>
    <ClInclude Include="src\origin\Game\stage_select.h">
      <Filter>Game</Filter>
    </ClInclude>
    <ClInclude Include="src\origin\Game\stage.h">
      <Filter>Game</Filter>
    </ClInclude>
    <ClInclude Include="src\origin\Game\main_loop.h">
      <Filter>Game</Filter>
    </ClInclude>
  </ItemGroup>
</Project>